{
  "name": "auto-timestamp",
  "version": "1.0.0",
  "lockfileVersion": 1,
  "requires": true,
  "dependencies": {
    "md5-file": {
      "version": "4.0.0",
      "resolved": "http://r.tnpm.oa.com/md5-file/download/md5-file-4.0.0.tgz",
      "integrity": "sha1-8/e6Hi3RFE1b8d5pjQ5fRKRAlYQ="
    }
  }
}
